
Microsoft Visual Studio Solution File, Format Version 12.00
# Visual Studio Version 17
VisualStudioVersion = 17.9.34728.123
MinimumVisualStudioVersion = 10.0.40219.1
Project("{F184B08F-C81C-45F6-A57F-5ABD9991F28F}") = "Gechisa_Project", "Gechisa_Project.vbproj", "{006639BD-29A6-4AAB-BB77-9A807B4BDB95}"
EndProject
Global
	GlobalSection(SolutionConfigurationPlatforms) = preSolution
		Debug|Any CPU = Debug|Any CPU
		Release|Any CPU = Release|Any CPU
	EndGlobalSection
	GlobalSection(ProjectConfigurationPlatforms) = postSolution
		{006639BD-29A6-4AAB-BB77-9A807B4BDB95}.Debug|Any CPU.ActiveCfg = Debug|Any CPU
		{006639BD-29A6-4AAB-BB77-9A807B4BDB95}.Debug|Any CPU.Build.0 = Debug|Any CPU
		{006639BD-29A6-4AAB-BB77-9A807B4BDB95}.Release|Any CPU.ActiveCfg = Release|Any CPU
		{006639BD-29A6-4AAB-BB77-9A807B4BDB95}.Release|Any CPU.Build.0 = Release|Any CPU
	EndGlobalSection
	GlobalSection(SolutionProperties) = preSolution
		HideSolutionNode = FALSE
	EndGlobalSection
	GlobalSection(ExtensibilityGlobals) = postSolution
		SolutionGuid = {2914EA09-657E-4AC2-9240-1B5266F132BA}
	EndGlobalSection
EndGlobal
